
Microsoft Visual Studio Solution File, Format Version 12.00
# Visual Studio Version 16
VisualStudioVersion = 16.0.31829.152
MinimumVisualStudioVersion = 10.0.40219.1
Project("{FAE04EC0-301F-11D3-BF4B-00C04F79EFBC}") = "Введение в ADO.NET. Часть 1", "Введение в ADO.NET. Часть 1\Введение в ADO.NET. Часть 1.csproj", "{88D4D0EB-3933-470B-B5D6-5C079302C497}"
EndProject
Global
	GlobalSection(SolutionConfigurationPlatforms) = preSolution
		Debug|Any CPU = Debug|Any CPU
		Release|Any CPU = Release|Any CPU
	EndGlobalSection
	GlobalSection(ProjectConfigurationPlatforms) = postSolution
		{88D4D0EB-3933-470B-B5D6-5C079302C497}.Debug|Any CPU.ActiveCfg = Debug|Any CPU
		{88D4D0EB-3933-470B-B5D6-5C079302C497}.Debug|Any CPU.Build.0 = Debug|Any CPU
		{88D4D0EB-3933-470B-B5D6-5C079302C497}.Release|Any CPU.ActiveCfg = Release|Any CPU
		{88D4D0EB-3933-470B-B5D6-5C079302C497}.Release|Any CPU.Build.0 = Release|Any CPU
	EndGlobalSection
	GlobalSection(SolutionProperties) = preSolution
		HideSolutionNode = FALSE
	EndGlobalSection
	GlobalSection(ExtensibilityGlobals) = postSolution
		SolutionGuid = {EF992CDD-16B4-4B3D-A381-8BE84BC57C89}
	EndGlobalSection
EndGlobal
